
Microsoft Visual Studio Solution File, Format Version 12.00
# Visual Studio Version 17
VisualStudioVersion = 17.7.34221.43
MinimumVisualStudioVersion = 10.0.40219.1
Project("{FAE04EC0-301F-11D3-BF4B-00C04F79EFBC}") = "MiniProjectMVC", "MiniProjectMVC\MiniProjectMVC.csproj", "{476A0758-1D1F-4E25-A8A3-6D2589142124}"
EndProject
Global
	GlobalSection(SolutionConfigurationPlatforms) = preSolution
		Debug|Any CPU = Debug|Any CPU
		Release|Any CPU = Release|Any CPU
	EndGlobalSection
	GlobalSection(ProjectConfigurationPlatforms) = postSolution
		{476A0758-1D1F-4E25-A8A3-6D2589142124}.Debug|Any CPU.ActiveCfg = Debug|Any CPU
		{476A0758-1D1F-4E25-A8A3-6D2589142124}.Debug|Any CPU.Build.0 = Debug|Any CPU
		{476A0758-1D1F-4E25-A8A3-6D2589142124}.Release|Any CPU.ActiveCfg = Release|Any CPU
		{476A0758-1D1F-4E25-A8A3-6D2589142124}.Release|Any CPU.Build.0 = Release|Any CPU
	EndGlobalSection
	GlobalSection(SolutionProperties) = preSolution
		HideSolutionNode = FALSE
	EndGlobalSection
	GlobalSection(ExtensibilityGlobals) = postSolution
		SolutionGuid = {F0FD5D66-55C7-4A4F-9D11-64764B33EC7E}
	EndGlobalSection
EndGlobal
